
Microsoft Visual Studio Solution File, Format Version 12.00
# Visual Studio 15
VisualStudioVersion = 15.0.28307.168
MinimumVisualStudioVersion = 10.0.40219.1
Project("{9A19103F-16F7-4668-BE54-9A1E7A4F7556}") = "Aiursoft.Blog", "src\Aiursoft.Blog.csproj", "{D6D41189-DC80-401C-9B7E-41AF1900002A}"
EndProject
Global
	GlobalSection(SolutionConfigurationPlatforms) = preSolution
		Debug|Any CPU = Debug|Any CPU
		Release|Any CPU = Release|Any CPU
	EndGlobalSection
	GlobalSection(ProjectConfigurationPlatforms) = postSolution
		{D6D41189-DC80-401C-9B7E-41AF1900002A}.Debug|Any CPU.ActiveCfg = Debug|Any CPU
		{D6D41189-DC80-401C-9B7E-41AF1900002A}.Debug|Any CPU.Build.0 = Debug|Any CPU
		{D6D41189-DC80-401C-9B7E-41AF1900002A}.Release|Any CPU.ActiveCfg = Release|Any CPU
		{D6D41189-DC80-401C-9B7E-41AF1900002A}.Release|Any CPU.Build.0 = Release|Any CPU
	EndGlobalSection
	GlobalSection(SolutionProperties) = preSolution
		HideSolutionNode = FALSE
	EndGlobalSection
	GlobalSection(ExtensibilityGlobals) = postSolution
		SolutionGuid = {30E58CF4-DF78-420D-B0C9-74726E1F5CBC}
	EndGlobalSection
EndGlobal
